{
  "name": "chan",
  "lockfileVersion": 3,
  "requires": true,
  "packages": {
    "": {
      "dependencies": {
        "lila-stockfish-web": "^0.0.5"
      }
    },
    "node_modules/lila-stockfish-web": {
      "version": "0.0.5",
      "resolved": "https://registry.npmjs.org/lila-stockfish-web/-/lila-stockfish-web-0.0.5.tgz",
      "integrity": "sha512-ktMdF060U6KlV3hQYLbR7z/dW4t0zMuBNiHwH5/ZVXAyOJAZauyUMiNmZebT7d/5Ii2PWBhC5+iJOThkJ9pffA=="
    }
  }
}
